
Microsoft Visual Studio Solution File, Format Version 11.00
# Visual C++ Express 2010
Project("{8BC9CEB8-8B4A-11D0-8D11-00A0C91BC942}") = "libfirm", "libfirm.vcxproj", "{7375BFCA-376F-4CB1-BBE6-7C88374BDBD9}"
EndProject
Global
	GlobalSection(SolutionConfigurationPlatforms) = preSolution
		Debug|Win32 = Debug|Win32
		DebugJTEST|Win32 = DebugJTEST|Win32
		Release|Win32 = Release|Win32
	EndGlobalSection
	GlobalSection(ProjectConfigurationPlatforms) = postSolution
		{7375BFCA-376F-4CB1-BBE6-7C88374BDBD9}.Debug|Win32.ActiveCfg = Debug|Win32
		{7375BFCA-376F-4CB1-BBE6-7C88374BDBD9}.Debug|Win32.Build.0 = Debug|Win32
		{7375BFCA-376F-4CB1-BBE6-7C88374BDBD9}.DebugJTEST|Win32.ActiveCfg = DebugJTEST|Win32
		{7375BFCA-376F-4CB1-BBE6-7C88374BDBD9}.DebugJTEST|Win32.Build.0 = DebugJTEST|Win32
		{7375BFCA-376F-4CB1-BBE6-7C88374BDBD9}.Release|Win32.ActiveCfg = Release|Win32
		{7375BFCA-376F-4CB1-BBE6-7C88374BDBD9}.Release|Win32.Build.0 = Release|Win32
	EndGlobalSection
	GlobalSection(SolutionProperties) = preSolution
		HideSolutionNode = FALSE
	EndGlobalSection
EndGlobal
